
Microsoft Visual Studio Solution File, Format Version 12.00
# Visual Studio Version 16
VisualStudioVersion = 16.0.31205.134
MinimumVisualStudioVersion = 10.0.40219.1
Project("{FAE04EC0-301F-11D3-BF4B-00C04F79EFBC}") = "FilmManagement.UI", "FilmManagement.UI\FilmManagement.UI.csproj", "{40390C89-5C78-4643-B780-75A4477BBBDE}"
EndProject
Project("{FAE04EC0-301F-11D3-BF4B-00C04F79EFBC}") = "FilmManagement.Business", "FilmManagement.Business\FilmManagement.Business.csproj", "{74CC5691-007E-4CCA-9D6E-7DFA564FCC97}"
EndProject
Project("{FAE04EC0-301F-11D3-BF4B-00C04F79EFBC}") = "FilmManagement.Persistence", "FilmManagement.Persistence\FilmManagement.Persistence.csproj", "{4DF575A1-D9A4-417D-8A29-57D0D7303A5A}"
EndProject
Global
	GlobalSection(SolutionConfigurationPlatforms) = preSolution
		Debug|Any CPU = Debug|Any CPU
		Release|Any CPU = Release|Any CPU
	EndGlobalSection
	GlobalSection(ProjectConfigurationPlatforms) = postSolution
		{40390C89-5C78-4643-B780-75A4477BBBDE}.Debug|Any CPU.ActiveCfg = Debug|Any CPU
		{40390C89-5C78-4643-B780-75A4477BBBDE}.Debug|Any CPU.Build.0 = Debug|Any CPU
		{40390C89-5C78-4643-B780-75A4477BBBDE}.Release|Any CPU.ActiveCfg = Release|Any CPU
		{40390C89-5C78-4643-B780-75A4477BBBDE}.Release|Any CPU.Build.0 = Release|Any CPU
		{74CC5691-007E-4CCA-9D6E-7DFA564FCC97}.Debug|Any CPU.ActiveCfg = Debug|Any CPU
		{74CC5691-007E-4CCA-9D6E-7DFA564FCC97}.Debug|Any CPU.Build.0 = Debug|Any CPU
		{74CC5691-007E-4CCA-9D6E-7DFA564FCC97}.Release|Any CPU.ActiveCfg = Release|Any CPU
		{74CC5691-007E-4CCA-9D6E-7DFA564FCC97}.Release|Any CPU.Build.0 = Release|Any CPU
		{4DF575A1-D9A4-417D-8A29-57D0D7303A5A}.Debug|Any CPU.ActiveCfg = Debug|Any CPU
		{4DF575A1-D9A4-417D-8A29-57D0D7303A5A}.Debug|Any CPU.Build.0 = Debug|Any CPU
		{4DF575A1-D9A4-417D-8A29-57D0D7303A5A}.Release|Any CPU.ActiveCfg = Release|Any CPU
		{4DF575A1-D9A4-417D-8A29-57D0D7303A5A}.Release|Any CPU.Build.0 = Release|Any CPU
	EndGlobalSection
	GlobalSection(SolutionProperties) = preSolution
		HideSolutionNode = FALSE
	EndGlobalSection
	GlobalSection(ExtensibilityGlobals) = postSolution
		SolutionGuid = {26DA9F0F-4D3C-4D45-918F-8F495785EE83}
	EndGlobalSection
EndGlobal
